
Microsoft Visual Studio Solution File, Format Version 12.00
# Visual Studio Version 16
VisualStudioVersion = 16.0.28803.352
MinimumVisualStudioVersion = 10.0.40219.1
Project("{FAE04EC0-301F-11D3-BF4B-00C04F79EFBC}") = "SanJing.WxBase", "SanJing.WxBase\SanJing.WxBase.csproj", "{4288BDDD-7079-42A0-AE1C-57B0F410F1C9}"
EndProject
Global
	GlobalSection(SolutionConfigurationPlatforms) = preSolution
		Debug|Any CPU = Debug|Any CPU
		Release|Any CPU = Release|Any CPU
	EndGlobalSection
	GlobalSection(ProjectConfigurationPlatforms) = postSolution
		{4288BDDD-7079-42A0-AE1C-57B0F410F1C9}.Debug|Any CPU.ActiveCfg = Debug|Any CPU
		{4288BDDD-7079-42A0-AE1C-57B0F410F1C9}.Debug|Any CPU.Build.0 = Debug|Any CPU
		{4288BDDD-7079-42A0-AE1C-57B0F410F1C9}.Release|Any CPU.ActiveCfg = Release|Any CPU
		{4288BDDD-7079-42A0-AE1C-57B0F410F1C9}.Release|Any CPU.Build.0 = Release|Any CPU
	EndGlobalSection
	GlobalSection(SolutionProperties) = preSolution
		HideSolutionNode = FALSE
	EndGlobalSection
	GlobalSection(ExtensibilityGlobals) = postSolution
		SolutionGuid = {CE6A7398-EDB5-4BFC-A6F0-C5869C38D1AE}
	EndGlobalSection
EndGlobal
