
Microsoft Visual Studio Solution File, Format Version 12.00
# Visual Studio 15
VisualStudioVersion = 15.0.28307.645
MinimumVisualStudioVersion = 10.0.40219.1
Project("{FAE04EC0-301F-11D3-BF4B-00C04F79EFBC}") = "SanJing.Hash", "SanJing.Hash\SanJing.Hash.csproj", "{AF516798-8D9B-406E-834E-6CA6AF1E856E}"
EndProject
Global
	GlobalSection(SolutionConfigurationPlatforms) = preSolution
		Debug|Any CPU = Debug|Any CPU
		Release|Any CPU = Release|Any CPU
	EndGlobalSection
	GlobalSection(ProjectConfigurationPlatforms) = postSolution
		{AF516798-8D9B-406E-834E-6CA6AF1E856E}.Debug|Any CPU.ActiveCfg = Debug|Any CPU
		{AF516798-8D9B-406E-834E-6CA6AF1E856E}.Debug|Any CPU.Build.0 = Debug|Any CPU
		{AF516798-8D9B-406E-834E-6CA6AF1E856E}.Release|Any CPU.ActiveCfg = Release|Any CPU
		{AF516798-8D9B-406E-834E-6CA6AF1E856E}.Release|Any CPU.Build.0 = Release|Any CPU
	EndGlobalSection
	GlobalSection(SolutionProperties) = preSolution
		HideSolutionNode = FALSE
	EndGlobalSection
	GlobalSection(ExtensibilityGlobals) = postSolution
		SolutionGuid = {095A99D1-BE73-4F1C-897F-87558C7549E3}
	EndGlobalSection
EndGlobal
