
Microsoft Visual Studio Solution File, Format Version 12.00
# Visual Studio Version 16
VisualStudioVersion = 16.0.28803.352
MinimumVisualStudioVersion = 10.0.40219.1
Project("{FAE04EC0-301F-11D3-BF4B-00C04F79EFBC}") = "SanJing.WxHelper", "SanJing.WxHelper\SanJing.WxHelper.csproj", "{1017CC0B-5120-4444-A7DD-BE560CD18537}"
EndProject
Global
	GlobalSection(SolutionConfigurationPlatforms) = preSolution
		Debug|Any CPU = Debug|Any CPU
		Release|Any CPU = Release|Any CPU
	EndGlobalSection
	GlobalSection(ProjectConfigurationPlatforms) = postSolution
		{1017CC0B-5120-4444-A7DD-BE560CD18537}.Debug|Any CPU.ActiveCfg = Debug|Any CPU
		{1017CC0B-5120-4444-A7DD-BE560CD18537}.Debug|Any CPU.Build.0 = Debug|Any CPU
		{1017CC0B-5120-4444-A7DD-BE560CD18537}.Release|Any CPU.ActiveCfg = Release|Any CPU
		{1017CC0B-5120-4444-A7DD-BE560CD18537}.Release|Any CPU.Build.0 = Release|Any CPU
	EndGlobalSection
	GlobalSection(SolutionProperties) = preSolution
		HideSolutionNode = FALSE
	EndGlobalSection
	GlobalSection(ExtensibilityGlobals) = postSolution
		SolutionGuid = {C18EAB32-3D51-4F08-A861-2C54291716C2}
	EndGlobalSection
EndGlobal
