
Microsoft Visual Studio Solution File, Format Version 12.00
# Visual Studio 15
VisualStudioVersion = 15.0.28307.1022
MinimumVisualStudioVersion = 10.0.40219.1
Project("{FAE04EC0-301F-11D3-BF4B-00C04F79EFBC}") = "SanJing.Const", "SanJing.Const\SanJing.Const.csproj", "{4E1C8019-0C7D-47E5-91B7-75C5B31AA921}"
EndProject
Global
	GlobalSection(SolutionConfigurationPlatforms) = preSolution
		Debug|Any CPU = Debug|Any CPU
		Release|Any CPU = Release|Any CPU
	EndGlobalSection
	GlobalSection(ProjectConfigurationPlatforms) = postSolution
		{4E1C8019-0C7D-47E5-91B7-75C5B31AA921}.Debug|Any CPU.ActiveCfg = Debug|Any CPU
		{4E1C8019-0C7D-47E5-91B7-75C5B31AA921}.Debug|Any CPU.Build.0 = Debug|Any CPU
		{4E1C8019-0C7D-47E5-91B7-75C5B31AA921}.Release|Any CPU.ActiveCfg = Release|Any CPU
		{4E1C8019-0C7D-47E5-91B7-75C5B31AA921}.Release|Any CPU.Build.0 = Release|Any CPU
	EndGlobalSection
	GlobalSection(SolutionProperties) = preSolution
		HideSolutionNode = FALSE
	EndGlobalSection
	GlobalSection(ExtensibilityGlobals) = postSolution
		SolutionGuid = {38CEA84B-74EE-4526-99FE-D78E313B27EB}
	EndGlobalSection
EndGlobal
