
Microsoft Visual Studio Solution File, Format Version 12.00
# Visual Studio 15
VisualStudioVersion = 15.0.28307.960
MinimumVisualStudioVersion = 10.0.40219.1
Project("{FAE04EC0-301F-11D3-BF4B-00C04F79EFBC}") = "SanJing.HTML", "SanJing.HTML\SanJing.HTML.csproj", "{1CD80B05-A035-4EA5-8978-E6B744092CBF}"
EndProject
Global
	GlobalSection(SolutionConfigurationPlatforms) = preSolution
		Debug|Any CPU = Debug|Any CPU
		Release|Any CPU = Release|Any CPU
	EndGlobalSection
	GlobalSection(ProjectConfigurationPlatforms) = postSolution
		{1CD80B05-A035-4EA5-8978-E6B744092CBF}.Debug|Any CPU.ActiveCfg = Debug|Any CPU
		{1CD80B05-A035-4EA5-8978-E6B744092CBF}.Debug|Any CPU.Build.0 = Debug|Any CPU
		{1CD80B05-A035-4EA5-8978-E6B744092CBF}.Release|Any CPU.ActiveCfg = Release|Any CPU
		{1CD80B05-A035-4EA5-8978-E6B744092CBF}.Release|Any CPU.Build.0 = Release|Any CPU
	EndGlobalSection
	GlobalSection(SolutionProperties) = preSolution
		HideSolutionNode = FALSE
	EndGlobalSection
	GlobalSection(ExtensibilityGlobals) = postSolution
		SolutionGuid = {D7522A68-1F65-46B2-A974-4C4986D59ADB}
	EndGlobalSection
EndGlobal
