
Microsoft Visual Studio Solution File, Format Version 12.00
# Visual Studio Version 16
VisualStudioVersion = 16.0.29509.3
MinimumVisualStudioVersion = 10.0.40219.1
Project("{FAE04EC0-301F-11D3-BF4B-00C04F79EFBC}") = "SanJing.VOD", "SanJing.VOD\SanJing.VOD.csproj", "{51B7AB6F-2B3B-48AD-97EA-F793388E7491}"
EndProject
Global
	GlobalSection(SolutionConfigurationPlatforms) = preSolution
		Debug|Any CPU = Debug|Any CPU
		Release|Any CPU = Release|Any CPU
	EndGlobalSection
	GlobalSection(ProjectConfigurationPlatforms) = postSolution
		{51B7AB6F-2B3B-48AD-97EA-F793388E7491}.Debug|Any CPU.ActiveCfg = Debug|Any CPU
		{51B7AB6F-2B3B-48AD-97EA-F793388E7491}.Debug|Any CPU.Build.0 = Debug|Any CPU
		{51B7AB6F-2B3B-48AD-97EA-F793388E7491}.Release|Any CPU.ActiveCfg = Release|Any CPU
		{51B7AB6F-2B3B-48AD-97EA-F793388E7491}.Release|Any CPU.Build.0 = Release|Any CPU
	EndGlobalSection
	GlobalSection(SolutionProperties) = preSolution
		HideSolutionNode = FALSE
	EndGlobalSection
	GlobalSection(ExtensibilityGlobals) = postSolution
		SolutionGuid = {E67C7352-6C59-4EE3-A9F7-9005677878F3}
	EndGlobalSection
EndGlobal
